
Microsoft Visual Studio Solution File, Format Version 12.00
# Visual Studio Version 17
VisualStudioVersion = 17.9.34701.34
MinimumVisualStudioVersion = 10.0.40219.1
Project("{FAE04EC0-301F-11D3-BF4B-00C04F79EFBC}") = "Server", "Server\Server.csproj", "{DB21A94B-2362-4A92-AAA7-7CF8D13E4FC4}"
EndProject
Global
	GlobalSection(SolutionConfigurationPlatforms) = preSolution
		Debug|Any CPU = Debug|Any CPU
		Release|Any CPU = Release|Any CPU
	EndGlobalSection
	GlobalSection(ProjectConfigurationPlatforms) = postSolution
		{DB21A94B-2362-4A92-AAA7-7CF8D13E4FC4}.Debug|Any CPU.ActiveCfg = Debug|Any CPU
		{DB21A94B-2362-4A92-AAA7-7CF8D13E4FC4}.Debug|Any CPU.Build.0 = Debug|Any CPU
		{DB21A94B-2362-4A92-AAA7-7CF8D13E4FC4}.Release|Any CPU.ActiveCfg = Release|Any CPU
		{DB21A94B-2362-4A92-AAA7-7CF8D13E4FC4}.Release|Any CPU.Build.0 = Release|Any CPU
	EndGlobalSection
	GlobalSection(SolutionProperties) = preSolution
		HideSolutionNode = FALSE
	EndGlobalSection
	GlobalSection(ExtensibilityGlobals) = postSolution
		SolutionGuid = {33A022E0-9BC0-4553-BFBA-999AA4F4C979}
	EndGlobalSection
EndGlobal
